
Microsoft Visual Studio Solution File, Format Version 12.00
# Visual Studio Version 17
VisualStudioVersion = 17.1.32210.238
MinimumVisualStudioVersion = 10.0.40219.1
Project("{FAE04EC0-301F-11D3-BF4B-00C04F79EFBC}") = "FileApp", "FileApp\FileApp.csproj", "{F50F1D70-36DB-4716-94B2-6DBFE0684085}"
EndProject
Project("{FAE04EC0-301F-11D3-BF4B-00C04F79EFBC}") = "FileAppService", "FileAppService\FileAppService.csproj", "{6CAFDBCD-BB3E-4A14-8A42-C51C21228DEC}"
EndProject
Project("{FAE04EC0-301F-11D3-BF4B-00C04F79EFBC}") = "FileAppRepository", "FileAppRepository\FileAppRepository.csproj", "{359789AC-CA50-434D-AC34-ACD745102C57}"
EndProject
Project("{FAE04EC0-301F-11D3-BF4B-00C04F79EFBC}") = "FileAppModel", "FileAppModel\FileAppModel.csproj", "{425F77CC-8CFB-4D76-BD49-1234F3E2C2FD}"
EndProject
Project("{FAE04EC0-301F-11D3-BF4B-00C04F79EFBC}") = "FileAppHelper", "FileAppHelper\FileAppHelper.csproj", "{174131F5-5A08-4724-99B0-D4546B1A3877}"
EndProject
Global
	GlobalSection(SolutionConfigurationPlatforms) = preSolution
		Debug|Any CPU = Debug|Any CPU
		Release|Any CPU = Release|Any CPU
	EndGlobalSection
	GlobalSection(ProjectConfigurationPlatforms) = postSolution
		{F50F1D70-36DB-4716-94B2-6DBFE0684085}.Debug|Any CPU.ActiveCfg = Debug|Any CPU
		{F50F1D70-36DB-4716-94B2-6DBFE0684085}.Debug|Any CPU.Build.0 = Debug|Any CPU
		{F50F1D70-36DB-4716-94B2-6DBFE0684085}.Release|Any CPU.ActiveCfg = Release|Any CPU
		{F50F1D70-36DB-4716-94B2-6DBFE0684085}.Release|Any CPU.Build.0 = Release|Any CPU
		{6CAFDBCD-BB3E-4A14-8A42-C51C21228DEC}.Debug|Any CPU.ActiveCfg = Debug|Any CPU
		{6CAFDBCD-BB3E-4A14-8A42-C51C21228DEC}.Debug|Any CPU.Build.0 = Debug|Any CPU
		{6CAFDBCD-BB3E-4A14-8A42-C51C21228DEC}.Release|Any CPU.ActiveCfg = Release|Any CPU
		{6CAFDBCD-BB3E-4A14-8A42-C51C21228DEC}.Release|Any CPU.Build.0 = Release|Any CPU
		{359789AC-CA50-434D-AC34-ACD745102C57}.Debug|Any CPU.ActiveCfg = Debug|Any CPU
		{359789AC-CA50-434D-AC34-ACD745102C57}.Debug|Any CPU.Build.0 = Debug|Any CPU
		{359789AC-CA50-434D-AC34-ACD745102C57}.Release|Any CPU.ActiveCfg = Release|Any CPU
		{359789AC-CA50-434D-AC34-ACD745102C57}.Release|Any CPU.Build.0 = Release|Any CPU
		{425F77CC-8CFB-4D76-BD49-1234F3E2C2FD}.Debug|Any CPU.ActiveCfg = Debug|Any CPU
		{425F77CC-8CFB-4D76-BD49-1234F3E2C2FD}.Debug|Any CPU.Build.0 = Debug|Any CPU
		{425F77CC-8CFB-4D76-BD49-1234F3E2C2FD}.Release|Any CPU.ActiveCfg = Release|Any CPU
		{425F77CC-8CFB-4D76-BD49-1234F3E2C2FD}.Release|Any CPU.Build.0 = Release|Any CPU
		{174131F5-5A08-4724-99B0-D4546B1A3877}.Debug|Any CPU.ActiveCfg = Debug|Any CPU
		{174131F5-5A08-4724-99B0-D4546B1A3877}.Debug|Any CPU.Build.0 = Debug|Any CPU
		{174131F5-5A08-4724-99B0-D4546B1A3877}.Release|Any CPU.ActiveCfg = Release|Any CPU
		{174131F5-5A08-4724-99B0-D4546B1A3877}.Release|Any CPU.Build.0 = Release|Any CPU
	EndGlobalSection
	GlobalSection(SolutionProperties) = preSolution
		HideSolutionNode = FALSE
	EndGlobalSection
	GlobalSection(ExtensibilityGlobals) = postSolution
		SolutionGuid = {82335FCF-C4A3-4167-9C0D-A1151818B355}
	EndGlobalSection
EndGlobal
